
Microsoft Visual Studio Solution File, Format Version 12.00
# Visual Studio Version 17
VisualStudioVersion = 17.11.35303.130
MinimumVisualStudioVersion = 10.0.40219.1
Project("{FAE04EC0-301F-11D3-BF4B-00C04F79EFBC}") = "FixedTestCode", "FixedTestCode\FixedTestCode.csproj", "{936F9C4C-B7A2-4987-8D13-E086552A46C1}"
EndProject
Global
	GlobalSection(SolutionConfigurationPlatforms) = preSolution
		Debug|Any CPU = Debug|Any CPU
		Release|Any CPU = Release|Any CPU
	EndGlobalSection
	GlobalSection(ProjectConfigurationPlatforms) = postSolution
		{936F9C4C-B7A2-4987-8D13-E086552A46C1}.Debug|Any CPU.ActiveCfg = Debug|Any CPU
		{936F9C4C-B7A2-4987-8D13-E086552A46C1}.Debug|Any CPU.Build.0 = Debug|Any CPU
		{936F9C4C-B7A2-4987-8D13-E086552A46C1}.Release|Any CPU.ActiveCfg = Release|Any CPU
		{936F9C4C-B7A2-4987-8D13-E086552A46C1}.Release|Any CPU.Build.0 = Release|Any CPU
	EndGlobalSection
	GlobalSection(SolutionProperties) = preSolution
		HideSolutionNode = FALSE
	EndGlobalSection
	GlobalSection(ExtensibilityGlobals) = postSolution
		SolutionGuid = {87B3C5F1-7711-41EE-8D09-94FDAFE3B921}
	EndGlobalSection
EndGlobal
